{
    "name": "sagemath-for-vscode",
    "version": "0.0.1",
    "lockfileVersion": 3,
    "requires": true,
    "packages": {
        "": {
            "name": "sagemath-for-vscode",
            "version": "0.0.1",
            "devDependencies": {
                "@types/node": "24.0.1",
                "@types/vscode": "^1.100.0",
                "vscode-debugadapter": "^1.51.0",
                "vscode-debugprotocol": "^1.51.0"
            },
            "engines": {
                "vscode": "^1.100.0"
            }
        },
        "node_modules/@types/node": {
            "version": "24.0.1",
            "resolved": "https://registry.npmjs.org/@types/node/-/node-24.0.1.tgz",
            "integrity": "sha512-MX4Zioh39chHlDJbKmEgydJDS3tspMP/lnQC67G3SWsTnb9NeYVWOjkxpOSy4oMfPs4StcWHwBrvUb4ybfnuaw==",
            "dev": true,
            "license": "MIT",
            "dependencies": {
                "undici-types": "~7.8.0"
            }
        },
        "node_modules/@types/vscode": {
            "version": "1.101.0",
            "resolved": "https://registry.npmjs.org/@types/vscode/-/vscode-1.101.0.tgz",
            "integrity": "sha512-ZWf0IWa+NGegdW3iU42AcDTFHWW7fApLdkdnBqwYEtHVIBGbTu0ZNQKP/kX3Ds/uMJXIMQNAojHR4vexCEEz5Q==",
            "dev": true,
            "license": "MIT"
        },
        "node_modules/undici-types": {
            "version": "7.8.0",
            "resolved": "https://registry.npmjs.org/undici-types/-/undici-types-7.8.0.tgz",
            "integrity": "sha512-9UJ2xGDvQ43tYyVMpuHlsgApydB8ZKfVYTsLDhXkFL/6gfkp+U8xTGdh8pMJv1SpZna0zxG1DwsKZsreLbXBxw==",
            "dev": true,
            "license": "MIT"
        },
        "node_modules/vscode-debugadapter": {
            "version": "1.51.0",
            "resolved": "https://registry.npmjs.org/vscode-debugadapter/-/vscode-debugadapter-1.51.0.tgz",
            "integrity": "sha512-mObaXD5/FH/z6aL2GDuyCLbnwLsYRCAJWgFid01vKW9Y5Si8OvINK+Tn+Yl/lRUbetjNuZW3j1euMEz6z8Yzqg==",
            "deprecated": "This package has been renamed to @vscode/debugadapter, please update to the new name",
            "dev": true,
            "license": "MIT",
            "dependencies": {
                "mkdirp": "^1.0.4",
                "vscode-debugprotocol": "1.51.0"
            }
        },
        "node_modules/vscode-debugadapter/node_modules/mkdirp": {
            "version": "1.0.4",
            "resolved": "https://registry.npmjs.org/mkdirp/-/mkdirp-1.0.4.tgz",
            "integrity": "sha512-vVqVZQyf3WLx2Shd0qJ9xuvqgAyKPLAiqITEtqW0oIUjzo3PePDd6fW9iFz30ef7Ysp/oiWqbhszeGWW2T6Gzw==",
            "dev": true,
            "license": "MIT",
            "bin": {
                "mkdirp": "bin/cmd.js"
            },
            "engines": {
                "node": ">=10"
            }
        },
        "node_modules/vscode-debugprotocol": {
            "version": "1.51.0",
            "resolved": "https://registry.npmjs.org/vscode-debugprotocol/-/vscode-debugprotocol-1.51.0.tgz",
            "integrity": "sha512-dzKWTMMyebIMPF1VYMuuQj7gGFq7guR8AFya0mKacu+ayptJfaRuM0mdHCqiOth4FnRP8mPhEroFPx6Ift8wHA==",
            "deprecated": "This package has been renamed to @vscode/debugprotocol, please update to the new name",
            "dev": true,
            "license": "MIT"
        }
    }
}
